PODS:
  - GTSDK (2.5.10.0)
  - TPFoundation-Swift (1.0.0)
  - TPPush-Swift (1.0.0):
    - GTSDK
    - TPFoundation-Swift

DEPENDENCIES:
  - TPPush-Swift (from `../`)

SPEC REPOS:
  trunk:
    - GTSDK
    - TPFoundation-Swift

EXTERNAL SOURCES:
  TPPush-Swift:
    :path: "../"

SPEC CHECKSUMS:
  GTSDK: f426fae94fc12699dd5448aa99ae31eb92f99c76
  TPFoundation-Swift: b1be14c16eff9220f9066b410fdbdec5c1a4a6a1
  TPPush-Swift: 58ac1a44a6944337e7b8624c90214ef731072c8d

PODFILE CHECKSUM: 16b7f6c11f5e12d755b59c46ac7f169471615daa

COCOAPODS: 1.10.1
